
Microsoft Visual Studio Solution File, Format Version 12.00
# Visual Studio Express 2012 for Windows Desktop
Project("{FAE04EC0-301F-11D3-BF4B-00C04F79EFBC}") = "15work", "15work\15work.csproj", "{0E3CC24E-F947-4016-ABBA-F4D5A6FB795A}"
EndProject
Global
	GlobalSection(SolutionConfigurationPlatforms) = preSolution
		Debug|Any CPU = Debug|Any CPU
		Release|Any CPU = Release|Any CPU
	EndGlobalSection
	GlobalSection(ProjectConfigurationPlatforms) = postSolution
		{0E3CC24E-F947-4016-ABBA-F4D5A6FB795A}.Debug|Any CPU.ActiveCfg = Debug|Any CPU
		{0E3CC24E-F947-4016-ABBA-F4D5A6FB795A}.Debug|Any CPU.Build.0 = Debug|Any CPU
		{0E3CC24E-F947-4016-ABBA-F4D5A6FB795A}.Release|Any CPU.ActiveCfg = Release|Any CPU
		{0E3CC24E-F947-4016-ABBA-F4D5A6FB795A}.Release|Any CPU.Build.0 = Release|Any CPU
	EndGlobalSection
	GlobalSection(SolutionProperties) = preSolution
		HideSolutionNode = FALSE
	EndGlobalSection
EndGlobal
